{
    "_meta": {
        "hash": {
            "sha256": "f3eade559266140a6032dd2f77d66200c7285873cd2ae7b13838f8c9718f9ab2"
        },
        "host-environment-markers": {
            "implementation_name": "cpython",
            "implementation_version": "3.6.2",
            "os_name": "posix",
            "platform_machine": "x86_64",
            "platform_python_implementation": "CPython",
            "platform_release": "16.7.0",
            "platform_system": "Darwin",
            "platform_version": "Darwin Kernel Version 16.7.0: Thu Jun 15 17:36:27 PDT 2017; root:xnu-3789.70.16~2/RELEASE_X86_64",
            "python_full_version": "3.6.2",
            "python_version": "3.6",
            "sys_platform": "darwin"
        },
        "pipfile-spec": 6,
        "requires": {
            "python_version": "3.6"
        },
        "sources": [
            {
                "name": "pypi",
                "url": "https://pypi.python.org/simple",
                "verify_ssl": true
            }
        ]
    },
    "default": {
        "appnope": {
            "hashes": [
                "sha256:5b26757dc6f79a3b7dc9fab95359328d5747fcb2409d331ea66d0272b90ab2a0",
                "sha256:8b995ffe925347a2138d7ac0fe77155e4311a0ea6d6da4f5128fe4b3cbe5ed71"
            ],
            "markers": "sys_platform == 'darwin'",
            "version": "==0.1.0"
        },
        "certifi": {
            "hashes": [
                "sha256:54a07c09c586b0e4c619f02a5e94e36619da8e2b053e20f594348c0611803704",
                "sha256:40523d2efb60523e113b44602298f0960e900388cf3bb6043f645cf57ea9e3f5"
            ],
            "version": "==2017.7.27.1"
        },
        "chardet": {
            "hashes": [
                "sha256:fc323ffcaeaed0e0a02bf4d117757b98aed530d9ed4531e3e15460124c106691",
                "sha256:84ab92ed1c4d4f16916e05906b6b75a6c0fb5db821cc65e70cbd64a3e2a5eaae"
            ],
            "version": "==3.0.4"
        },
        "cymem": {
            "hashes": [
                "sha256:b6513b2926c60d641f159e79e6fb16460dfb50ebcce31a5af0370c51837c7efc",
                "sha256:616d06333f46dd03c128d97912d361183fc02249e6420a7b7907b41214c51562",
                "sha256:944af97d4d34a2470b5199f1c31d2dfc79cdec7bd7a41354d839a8ab87fdfaa6",
                "sha256:50292f4dd0d950a8698bae27d71efe59da7ff08e591b735e08b658aae42c4745",
                "sha256:daa6003fcc199752ab703142021cff74774872a932303b240dc0ea177adf295d",
                "sha256:b38056efb99078b06c504adb5f03a8d9e822a5543451737b746028a71c4b1ac3",
                "sha256:4bc1056b52d959fcbb1e0f32ec84fa131754d6be1e36b65782c6ac86419f4bf3",
                "sha256:0dd61d05977839a922c0d797c355b98949210575918b1743b41e38ae9fb2c3a7",
                "sha256:4c5d9ca6ec706792b8d9b1faf6db77b95545c388c768b21d940f197aa7efbb7e",
                "sha256:00bb3645dfb9a020d735ba3d6f822b04656388180588d8b2cebde967ee678bcc",
                "sha256:f06d9b50da0474d7405674d8101c319d89a17d33792d6d429fe3d5c64f0d9df1"
            ],
            "version": "==1.31.2"
        },
        "cytoolz": {
            "hashes": [
                "sha256:476a2ad176de5eaef80499b7b43d4f72ba6d23df33d349088dae315e9b31c552"
            ],
            "version": "==0.8.2"
        },
        "decorator": {
            "hashes": [
                "sha256:95a26b17806e284452bfd97fa20aa1e8cb4ee23542bda4dbac5e4562aa1642cd",
                "sha256:7cb64d38cb8002971710c8899fbdfb859a23a364b7c99dab19d1f719c2ba16b5"
            ],
            "version": "==4.1.2"
        },
        "dill": {
            "hashes": [
                "sha256:97fd758f5fe742d42b11ec8318ecfcff8776bccacbfcec05dfd6276f5d450f73"
            ],
            "version": "==0.2.7.1"
        },
        "emoji": {
            "hashes": [
                "sha256:a06410d5fec2bb81a80d215d9280779492b109bfc79f87e977a8299380802d9c",
                "sha256:d8bc4a528b0584b755cc160d98a8e6169d4896f2a5be8a964815517ae7ab298e"
            ],
            "version": "==0.4.5"
        },
        "ftfy": {
            "hashes": [
                "sha256:3c0066db64a98436e751e56414f03f1cdea54f29364c0632c141c36cca6a5d94"
            ],
            "version": "==4.4.3"
        },
        "html5lib": {
            "hashes": [
                "sha256:b8934484cf22f1db684c0fae27569a0db404d0208d20163fbf51cc537245d008",
                "sha256:ee747c0ffd3028d2722061936b5c65ee4fe13c8e4613519b4447123fc4546298"
            ],
            "version": "==0.999999999"
        },
        "idna": {
            "hashes": [
                "sha256:8c7309c718f94b3a625cb648ace320157ad16ff131ae0af362c9f21b80ef6ec4",
                "sha256:2c6a5de3089009e3da7c5dde64a141dbc8551d5b7f6cf4ed7c2568d0cc520a8f"
            ],
            "version": "==2.6"
        },
        "ipython": {
            "hashes": [
                "sha256:fcc6d46f08c3c4de7b15ae1c426e15be1b7932bcda9d83ce1a4304e8c1129df3",
                "sha256:51c158a6c8b899898d1c91c6b51a34110196815cc905f9be0fa5878e19355608"
            ],
            "version": "==6.2.1"
        },
        "ipython-genutils": {
            "hashes": [
                "sha256:72dd37233799e619666c9f639a9da83c34013a73e8bbc79a7a6348d93c61fab8",
                "sha256:eb2e116e75ecef9d4d228fdc66af54269afa26ab4463042e33785b887c628ba8"
            ],
            "version": "==0.2.0"
        },
        "jedi": {
            "hashes": [
                "sha256:3af518490ffcd00a3074c135b42511e081575e9abd115c216a34491411ceebb0",
                "sha256:f6d5973573e76b1fd2ea75f6dcd6445d02d41ff3af5fc61b275b4e323d1dd396"
            ],
            "version": "==0.11.0"
        },
        "msgpack-numpy": {
            "hashes": [
                "sha256:6947df61826a2917e38dbe07957a0c70dc82dce93ec38153dae850fdd21a4583",
                "sha256:afc603c7cf8497fb125a8c8c713518a004e9662101f088e3d4fcf7688b08eeb3"
            ],
            "version": "==0.4.1"
        },
        "msgpack-python": {
            "hashes": [
                "sha256:637b012c9ea021de7a7a75d6ff5e82cfef6694babd7e14bb9a3adcb2a5bd52f0",
                "sha256:658c1cd5dcf7786e0e7a6d523cd0c5b33f92e139e224bd73cb3a23ada618d2dc",
                "sha256:920bbbaee07ad048a4d2b4160901b19775c61ef9439f856c74509e763a326249",
                "sha256:e165006f7e3d2612f1bffe2f6f042ca317d8df724d8b72a39b14c2e46c67eaae",
                "sha256:95d70edd50e3d2f6ea1189f77190e4a0172626e7405ddd1689f3f64814447cba",
                "sha256:7e1b12ea0134460052fabcfaa0f488ec0fc21deb14832d66236fd2870757d8f1",
                "sha256:8f36890251f20d96267618cf64735759d7ef7e91bc0b86b9480547d2d1397a68",
                "sha256:1e68a277e4180baa7789be36f27f0891660205f6209f78a32282d3c422873d78",
                "sha256:f52d9f96df952369fe4adcb0506e10c1c92d47f653f601a66da2a26a7e7141ea",
                "sha256:58c9c1d7891a35bddc6ee5dbec10d347a7ae4983169c24fc5fc8a57ae792ca76",
                "sha256:1a2b19df0f03519ec7f19f826afb935b202d8979b0856c6fb3dc28955799f886"
            ],
            "version": "==0.4.8"
        },
        "murmurhash": {
            "hashes": [
                "sha256:651137ed3e1169342c9edade454f3beb7fcdf28d4ad1ac232725237eaf442d9a"
            ],
            "version": "==0.28.0"
        },
        "numpy": {
            "hashes": [
                "sha256:910e7ae5eeee8d322775187692c5c66719cd58d230fbfd57245ea3cf75716910",
                "sha256:f5c9ca457057cd5e12ddab36cded8b1f38bf1f45bf550d4ca2839b11ec57f597",
                "sha256:d29e72413b66df23c75b9b469253c823698ea2e00f58e9e0df64b7a50696e8ac",
                "sha256:539345898a4ae17421c159ae2a350901a5e6ce3da8f24168c6c67b3536e13de8",
                "sha256:929928932f91082a168e36984179deddd58f8e98822ad2f33a2955d7c4eec596",
                "sha256:62b09f3d1ea01d79c16a6642cb21599f53b9338c59971b2418a573155d2202ec",
                "sha256:c4b1914d86c43399438518a2ac8bcba2fb64dd5a18efddded3783b9daae70933",
                "sha256:6c6feb0647380db6e1d5d49ef9fb59c42240f25fb8df8b6e82ecb436c7e0621a",
                "sha256:da2f47e46d7a93b73891d1981378717dc73c6ad5cc4fd23c934bfea7847fa958",
                "sha256:4c767b6d9c9a071bb36ea34eb240ee5192fe0bc4c13be5e6c51e0350a30f7ac0",
                "sha256:b2f98838f4bbc3bf23af7e97ffcad18a2dc6bbb0726796781e02b9347af6685f",
                "sha256:11fcbed36c101a3b9c4636e791efccba82409ebbedaba938c97be8bdddd029cc",
                "sha256:8969c8f987f8bcc3e30c014532cfc20e4a8f86a50c361596e086310853adacb7",
                "sha256:2875e8055a1ea8d933b1c9d0f8714c0aa11c097bfadfcb8564c4d868fbf09a41",
                "sha256:09b87d652c03508447d0f618e1d3ae57595acd3e0f0c11ac91bf68ed7bdb3a28",
                "sha256:9cad35b911e150f00bb8080950c7e9f172714bbd0234f5ab74b4e3e2d9288b37",
                "sha256:479863de17f66810db00bccf35289555365da45d3b053ccf539b95ab3b9c24f6",
                "sha256:b162c6b044960b4ea0f42be049ce2af1d18c60f82748f0a27bd5ad182a731bf3",
                "sha256:fa656dccfa9141774440575a6e7875d08b93f4a332eb5ae40877b26bed291c01",
                "sha256:7dfa5b49fb2a080bd0d39bfbcff1177bacb14fcb28c857fd65fd0c18938935de",
                "sha256:e8e0e75db757e41463888939d26c8058b4ecd25e563c597e9119f512dc0ee1da",
                "sha256:c8dc6aa96882df6323bf9545934e37c6e05959bd789ae4b14d50509b093907aa",
                "sha256:36ee86d5adbabc4fa2643a073f93d5504bdfed37a149a3a49f4dde259f35a750"
            ],
            "version": "==1.13.3"
        },
        "parso": {
            "hashes": [
                "sha256:b573acb69f66a970197b5fdbbdfad3b8a417a520e383133b2b4e708f104bfc9a",
                "sha256:c5279916bb417aa2bf634648ff895cf35dce371d7319744884827bfad06f8d7b"
            ],
            "version": "==0.1.0"
        },
        "pathlib": {
            "hashes": [
                "sha256:6940718dfc3eff4258203ad5021090933e5c04707d5ca8cc9e73c94a7894ea9f"
            ],
            "version": "==1.0.1"
        },
        "pexpect": {
            "hashes": [
                "sha256:f853b52afaf3b064d29854771e2db509ef80392509bde2dd7a6ecf2dfc3f0018",
                "sha256:3d132465a75b57aa818341c6521392a06cc660feb3988d7f1074f39bd23c9a92"
            ],
            "markers": "sys_platform != 'win32'",
            "version": "==4.2.1"
        },
        "pickleshare": {
            "hashes": [
                "sha256:c9a2541f25aeabc070f12f452e1f2a8eae2abd51e1cd19e8430402bdf4c1d8b5",
                "sha256:84a9257227dfdd6fe1b4be1319096c20eb85ff1e82c7932f36efccfe1b09737b"
            ],
            "version": "==0.7.4"
        },
        "plac": {
            "hashes": [
                "sha256:854693ad90367e8267112ffbb8955f57d6fdeac3191791dc9ffce80f87fd2370",
                "sha256:ba3f719a018175f0a15a6b04e6cc79c25fd563d348aacd320c3644d2a9baf89b"
            ],
            "version": "==0.9.6"
        },
        "preshed": {
            "hashes": [
                "sha256:a6b3a9e34634600e3e410ec25e0debed4b65a47eb37514a063d189d1c425b4dd"
            ],
            "version": "==1.0.0"
        },
        "prompt-toolkit": {
            "hashes": [
                "sha256:3f473ae040ddaa52b52f97f6b4a493cfa9f5920c255a12dc56a7d34397a398a4",
                "sha256:1df952620eccb399c53ebb359cc7d9a8d3a9538cb34c5a1344bdbeb29fbcc381",
                "sha256:858588f1983ca497f1cf4ffde01d978a3ea02b01c8a26a8bbc5cd2e66d816917"
            ],
            "version": "==1.0.15"
        },
        "ptyprocess": {
            "hashes": [
                "sha256:e8c43b5eee76b2083a9badde89fd1bbce6c8942d1045146e100b7b5e014f4f1a",
                "sha256:e64193f0047ad603b71f202332ab5527c5e52aa7c8b609704fc28c0dc20c4365"
            ],
            "version": "==0.5.2"
        },
        "pygments": {
            "hashes": [
                "sha256:78f3f434bcc5d6ee09020f92ba487f95ba50f1e3ef83ae96b9d5ffa1bab25c5d",
                "sha256:dbae1046def0efb574852fab9e90209b23f556367b5a320c0bcb871c77c3e8cc"
            ],
            "version": "==2.2.0"
        },
        "pyyaml": {
            "hashes": [
                "sha256:3262c96a1ca437e7e4763e2843746588a965426550f3797a79fca9c6199c431f",
                "sha256:16b20e970597e051997d90dc2cddc713a2876c47e3d92d59ee198700c5427736",
                "sha256:e863072cdf4c72eebf179342c94e6989c67185842d9997960b3e69290b2fa269",
                "sha256:bc6bced57f826ca7cb5125a10b23fd0f2fff3b7c4701d64c439a300ce665fff8",
                "sha256:c01b880ec30b5a6e6aa67b09a2fe3fb30473008c85cd6a67359a1b15ed6d83a4",
                "sha256:827dc04b8fa7d07c44de11fabbc888e627fa8293b695e0f99cb544fdfa1bf0d1",
                "sha256:592766c6303207a20efc445587778322d7f73b161bd994f227adaa341ba212ab",
                "sha256:5f84523c076ad14ff5e6c037fe1c89a7f73a3e04cf0377cb4d017014976433f3",
                "sha256:0c507b7f74b3d2dd4d1322ec8a94794927305ab4cebbe89cc47fe5e81541e6e8",
                "sha256:b4c423ab23291d3945ac61346feeb9a0dc4184999ede5e7c43e1ffb975130ae6",
                "sha256:ca233c64c6e40eaa6c66ef97058cdc80e8d0157a443655baa1b2966e812807ca",
                "sha256:4474f8ea030b5127225b8894d626bb66c01cda098d47a2b0d3429b6700af9fd8",
                "sha256:326420cbb492172dec84b0f65c80942de6cedb5233c413dd824483989c000608",
                "sha256:5ac82e411044fb129bae5cfbeb3ba626acb2af31a8d17d175004b70862a741a7"
            ],
            "version": "==3.12"
        },
        "regex": {
            "hashes": [
                "sha256:b39867f577bc59b2fec9209facc513c761978e4ac63f4b73b9750a2c1501729e",
                "sha256:f8feab5b517cdc65a61a50549e7dcfa0f61ab872a0034da1f6b8d61775178b6a",
                "sha256:8a9d9db8ef1621ae51ea12acb5e503204b4586e05c6cfd418aecb9466a71bd87",
                "sha256:ad2beea450d551b11b47512ce920127d7c8645e528cc56dc9502c5973e8732f3",
                "sha256:52b590a41b9677314d02d9055edc33992db758b3d5167aa1365229a6a0c26a6d",
                "sha256:656984899644d3fe2e40533724f513a21127f77162a15dd5244af3c965152c63",
                "sha256:b6a7725a069be8f9dd09e1e500e5b57556b301942e21c8c712627f73ec048286",
                "sha256:1af6b820bec5ca82af87447af5a6dcc23b3ddc96b0184fd71666be0c24fb2a4f",
                "sha256:232dbc28a2562d92d713c3c1eb2b9276f3ebcbdb6d3e96ff68d0417a71926784",
                "sha256:b9e9b97696e75e826adac1920b13e7bac3a6a2128c085783abd208d73a278d70",
                "sha256:689c9d17c3ba02f52e8481a5c584c8c11ba27d6cc5f939efdd838ae0d0d1af41",
                "sha256:c3c2fe1e0d90f4c93be5b588480f05defd44f64c65767a657de69c4db4429a39",
                "sha256:3d26ce7e605a501509b68c343fc9d9e09f76c2e9e261df8183027bdc750c97ce",
                "sha256:efa66273b49dbd7a9f6a4d02d1a7d5bf353d568a89f7cd8927812daa9f83bb84",
                "sha256:565f9aac9cd43b2351f7fcbc0d6056f8aebf4f6d049a17982085019ab9acdf28",
                "sha256:db616380b04e29e5709bc3ec0674e827dfed3d18e7d686c09537ab01506127c9",
                "sha256:bf4896ed1ca2017153fc6b341bc8a0da8ca5480f85eebd7bfe58bbafceb4e728",
                "sha256:19c4b0f68dd97b7116e590f47d60d97ab9e76966acc321b1d20dd87c2b64dff2",
                "sha256:d811874ed669165fe1059a54f860db5c6ab5f48100bf4945d915fd2f877b2531"
            ],
            "version": "==2017.4.5"
        },
        "requests": {
            "hashes": [
                "sha256:6a1b267aa90cac58ac3a765d067950e7dbbf75b1da07e895d1f594193a40a38b",
                "sha256:9c443e7324ba5b85070c4a818ade28bfabedf16ea10206da1132edaa6dda237e"
            ],
            "version": "==2.18.4"
        },
        "simplegeneric": {
            "hashes": [
                "sha256:dc972e06094b9af5b855b3df4a646395e43d1c9d0d39ed345b7393560d0b9173"
            ],
            "version": "==0.8.1"
        },
        "six": {
            "hashes": [
                "sha256:832dc0e10feb1aa2c68dcc57dbb658f1c7e65b9b61af69048abc87a2db00a0eb",
                "sha256:70e8a77beed4562e7f14fe23a786b54f6296e34344c23bc42f07b15018ff98e9"
            ],
            "version": "==1.11.0"
        },
        "spacy-nightly": {
            "hashes": [
                "sha256:2fafad89164c810a59c72577286c74e1e16d3f229c4296e3904f675da87923d9"
            ],
            "version": "==2.0.0a17"
        },
        "spacymoji": {
            "hashes": [
                "sha256:11b706cf079141351169b057ed7f2409d9ff353e9780a9698b5dfc07cf3c5f46"
            ],
            "version": "==0.0.1"
        },
        "termcolor": {
            "hashes": [
                "sha256:1d6d69ce66211143803fbc56652b41d73b4a400a2891d7bf7a1cdf4c02de613b"
            ],
            "version": "==1.1.0"
        },
        "thinc": {
            "hashes": [
                "sha256:88f858c89b36083cfd0b4d108b80de0870047031e99388b18861ad0bef3f9224"
            ],
            "version": "==6.9.0"
        },
        "toolz": {
            "hashes": [
                "sha256:4a13c90c426001d6299c5568cf5b98e095df9c985df194008a67f84ef4fc6c50"
            ],
            "version": "==0.8.2"
        },
        "tqdm": {
            "hashes": [
                "sha256:733ce813ab83e17a03da34043c6265e29f6731e3cbbbe305b12694ced0af6770",
                "sha256:7ca803c2ea268c6bdb541e2dac74a3af23cf4bf7b4132a6a78926d255f8c8df1"
            ],
            "version": "==4.19.4"
        },
        "traitlets": {
            "hashes": [
                "sha256:c6cb5e6f57c5a9bdaa40fa71ce7b4af30298fbab9ece9815b5d995ab6217c7d9",
                "sha256:9c4bd2d267b7153df9152698efb1050a5d84982d3384a37b2c1f7723ba3e7835"
            ],
            "version": "==4.3.2"
        },
        "ujson": {
            "hashes": [
                "sha256:f66073e5506e91d204ab0c614a148d5aa938bdbf104751be66f8ad7a222f5f86"
            ],
            "version": "==1.35"
        },
        "urllib3": {
            "hashes": [
                "sha256:06330f386d6e4b195fbfc736b297f58c5a892e4440e54d294d7004e3a9bbea1b",
                "sha256:cc44da8e1145637334317feebd728bd869a35285b93cbb4cca2577da7e62db4f"
            ],
            "version": "==1.22"
        },
        "wcwidth": {
            "hashes": [
                "sha256:f4ebe71925af7b40a864553f761ed559b43544f8f71746c2d756c7fe788ade7c",
                "sha256:3df37372226d6e63e1b1e1eda15c594bca98a22d33a23832a90998faa96bc65e"
            ],
            "version": "==0.1.7"
        },
        "webencodings": {
            "hashes": [
                "sha256:a0af1213f3c2226497a97e2b3aa01a7e4bee4f403f95be16fc9acd2947514a78",
                "sha256:b36a1c245f2d304965eb4e0a82848379241dc04b865afcc4aab16748587e1923"
            ],
            "version": "==0.5.1"
        },
        "wrapt": {
            "hashes": [
                "sha256:d4d560d479f2c21e1b5443bbd15fe7ec4b37fe7e53d335d3b9b0a7b1226fe3c6"
            ],
            "version": "==1.10.11"
        }
    },
    "develop": {}
}
